
Microsoft Visual Studio Solution File, Format Version 12.00
# Visual Studio 15
Project("{FAE04EC0-301F-11D3-BF4B-00C04F79EFBC}") = "FishTank", "FishTank\FishTank.csproj", "{26A3CA21-64EC-495D-8273-7A7750B9D342}"
EndProject
Project("{FAE04EC0-301F-11D3-BF4B-00C04F79EFBC}") = "FishTank.Tests", "FishTank.Tests\FishTank.Tests.csproj", "{8AFA6365-4520-4B06-B32B-0218A0423227}"
EndProject
Global
	GlobalSection(SolutionConfigurationPlatforms) = preSolution
		Debug|Any CPU = Debug|Any CPU
		Release|Any CPU = Release|Any CPU
	EndGlobalSection
	GlobalSection(ProjectConfigurationPlatforms) = postSolution
		{26A3CA21-64EC-495D-8273-7A7750B9D342}.Debug|Any CPU.ActiveCfg = Debug|Any CPU
		{26A3CA21-64EC-495D-8273-7A7750B9D342}.Debug|Any CPU.Build.0 = Debug|Any CPU
		{26A3CA21-64EC-495D-8273-7A7750B9D342}.Release|Any CPU.ActiveCfg = Release|Any CPU
		{26A3CA21-64EC-495D-8273-7A7750B9D342}.Release|Any CPU.Build.0 = Release|Any CPU
		{8AFA6365-4520-4B06-B32B-0218A0423227}.Debug|Any CPU.ActiveCfg = Debug|Any CPU
		{8AFA6365-4520-4B06-B32B-0218A0423227}.Debug|Any CPU.Build.0 = Debug|Any CPU
		{8AFA6365-4520-4B06-B32B-0218A0423227}.Release|Any CPU.ActiveCfg = Release|Any CPU
		{8AFA6365-4520-4B06-B32B-0218A0423227}.Release|Any CPU.Build.0 = Release|Any CPU
	EndGlobalSection
EndGlobal
