Microsoft Visual Studio Solution File, Format Version 12.00
# Visual Studio Version 16
VisualStudioVersion = 16.0.29806.167
MinimumVisualStudioVersion = 10.0.40219.1
Project("{9A19103F-16F7-4668-BE54-9A1E7A4F7556}") = "FishTank", "FishTank\FishTank.csproj", "{26A3CA21-64EC-495D-8273-7A7750B9D342}"
EndProject
Project("{9A19103F-16F7-4668-BE54-9A1E7A4F7556}") = "FishTank.Tests", "FishTank.Tests\FishTank.Tests.csproj", "{8AFA6365-4520-4B06-B32B-0218A0423227}"
EndProject
Project("{FAE04EC0-301F-11D3-BF4B-00C04F79EFBC}") = "FishTank.App", "FishTank.App\FishTank.App.csproj", "{3D1C9595-1334-4903-A311-99EF4DA2246B}"
EndProject
Global
	GlobalSection(SolutionConfigurationPlatforms) = preSolution
		Debug|Any CPU = Debug|Any CPU
		Release|Any CPU = Release|Any CPU
	EndGlobalSection
	GlobalSection(ProjectConfigurationPlatforms) = postSolution
		{26A3CA21-64EC-495D-8273-7A7750B9D342}.Debug|Any CPU.ActiveCfg = Debug|Any CPU
		{26A3CA21-64EC-495D-8273-7A7750B9D342}.Debug|Any CPU.Build.0 = Debug|Any CPU
		{26A3CA21-64EC-495D-8273-7A7750B9D342}.Release|Any CPU.ActiveCfg = Release|Any CPU
		{26A3CA21-64EC-495D-8273-7A7750B9D342}.Release|Any CPU.Build.0 = Release|Any CPU
		{8AFA6365-4520-4B06-B32B-0218A0423227}.Debug|Any CPU.ActiveCfg = Debug|Any CPU
		{8AFA6365-4520-4B06-B32B-0218A0423227}.Debug|Any CPU.Build.0 = Debug|Any CPU
		{8AFA6365-4520-4B06-B32B-0218A0423227}.Release|Any CPU.ActiveCfg = Release|Any CPU
		{8AFA6365-4520-4B06-B32B-0218A0423227}.Release|Any CPU.Build.0 = Release|Any CPU
		{3D1C9595-1334-4903-A311-99EF4DA2246B}.Debug|Any CPU.ActiveCfg = Debug|Any CPU
		{3D1C9595-1334-4903-A311-99EF4DA2246B}.Debug|Any CPU.Build.0 = Debug|Any CPU
		{3D1C9595-1334-4903-A311-99EF4DA2246B}.Release|Any CPU.ActiveCfg = Release|Any CPU
		{3D1C9595-1334-4903-A311-99EF4DA2246B}.Release|Any CPU.Build.0 = Release|Any CPU
	EndGlobalSection
	GlobalSection(SolutionProperties) = preSolution
		HideSolutionNode = FALSE
	EndGlobalSection
	GlobalSection(ExtensibilityGlobals) = postSolution
		SolutionGuid = {E2A3F93C-6B67-4953-BD10-AC7F707C6DF9}
	EndGlobalSection
EndGlobal
